lockfileVersion: '9.0'

settings:
  autoInstallPeers: true
  excludeLinksFromLockfile: false

importers:

  .:
    dependencies:
      '@erp/contratos':
        specifier: 0.2.0
        version: 0.2.0

packages:

  '@erp/contratos@0.2.0':
    resolution: {integrity: sha512-lS0AsIQjBEoA/q/4D304eCwERGj0Tllvne6qUKkzDdqh8xReTJxwTz8ApMOrURlS0DMmvcStbvnSFD43uxUUDg==, tarball: http://localhost:4873/@erp/contratos/-/contratos-0.2.0.tgz}

snapshots:

  '@erp/contratos@0.2.0': {}
