lockfileVersion: '9.0'

settings:
  autoInstallPeers: true
  excludeLinksFromLockfile: false

importers:

  .:
    dependencies:
      '@erp/contratos':
        specifier: 0.2.1
        version: 0.2.1

packages:

  '@erp/contratos@0.2.1':
    resolution: {integrity: sha512-yPGMDgcsl9WYvtVSqB80kmOQOhhDx267DNmExY3d03mvZBml/hUSj9mWdyNhZhHpFyHewrwJrPKHSnKcYDUBjA==, tarball: http://localhost:4873/@erp/contratos/-/contratos-0.2.1.tgz}

snapshots:

  '@erp/contratos@0.2.1': {}
